
Microsoft Visual Studio Solution File, Format Version 12.00
# Visual Studio Version 17
VisualStudioVersion = 17.2.32526.322
MinimumVisualStudioVersion = 10.0.40219.1
Project("{FAE04EC0-301F-11D3-BF4B-00C04F79EFBC}") = "Budeo", "Budeo\Budeo.csproj", "{3972FBCB-2715-4089-ADA3-8994D9241E33}"
EndProject
Global
	GlobalSection(SolutionConfigurationPlatforms) = preSolution
		Debug|Any CPU = Debug|Any CPU
		Release|Any CPU = Release|Any CPU
	EndGlobalSection
	GlobalSection(ProjectConfigurationPlatforms) = postSolution
		{3972FBCB-2715-4089-ADA3-8994D9241E33}.Debug|Any CPU.ActiveCfg = Debug|Any CPU
		{3972FBCB-2715-4089-ADA3-8994D9241E33}.Debug|Any CPU.Build.0 = Debug|Any CPU
		{3972FBCB-2715-4089-ADA3-8994D9241E33}.Release|Any CPU.ActiveCfg = Release|Any CPU
		{3972FBCB-2715-4089-ADA3-8994D9241E33}.Release|Any CPU.Build.0 = Release|Any CPU
	EndGlobalSection
	GlobalSection(SolutionProperties) = preSolution
		HideSolutionNode = FALSE
	EndGlobalSection
	GlobalSection(ExtensibilityGlobals) = postSolution
		SolutionGuid = {4B7A5A69-C2C3-47C0-A36C-5D2E13122949}
	EndGlobalSection
EndGlobal
